
Microsoft Visual Studio Solution File, Format Version 12.00
# Visual Studio Version 17
VisualStudioVersion = 17.8.34408.163
MinimumVisualStudioVersion = 10.0.40219.1
Project("{FAE04EC0-301F-11D3-BF4B-00C04F79EFBC}") = "mshop.discounts", "mshop.discounts\mshop.discounts.csproj", "{9B2503EB-2C99-44D4-9DBF-51970EF150AD}"
EndProject
Global
	GlobalSection(SolutionConfigurationPlatforms) = preSolution
		Debug|Any CPU = Debug|Any CPU
		Release|Any CPU = Release|Any CPU
	EndGlobalSection
	GlobalSection(ProjectConfigurationPlatforms) = postSolution
		{9B2503EB-2C99-44D4-9DBF-51970EF150AD}.Debug|Any CPU.ActiveCfg = Debug|Any CPU
		{9B2503EB-2C99-44D4-9DBF-51970EF150AD}.Debug|Any CPU.Build.0 = Debug|Any CPU
		{9B2503EB-2C99-44D4-9DBF-51970EF150AD}.Release|Any CPU.ActiveCfg = Release|Any CPU
		{9B2503EB-2C99-44D4-9DBF-51970EF150AD}.Release|Any CPU.Build.0 = Release|Any CPU
	EndGlobalSection
	GlobalSection(SolutionProperties) = preSolution
		HideSolutionNode = FALSE
	EndGlobalSection
	GlobalSection(ExtensibilityGlobals) = postSolution
		SolutionGuid = {4897734C-3FEA-415E-B4CF-A0BE60A7F6BD}
	EndGlobalSection
EndGlobal
